packages:
  - name: dbt_utils
    package: dbt-labs/dbt_utils
    version: 1.3.0
  - git: https://github.com/metaplane/dbt-expectations.git
    name: dbt_expectations
    revision: 008e783c0e5bb1b40e767eb5c60afedbc5d46dc8
  - name: dbt_external_tables
    package: dbt-labs/dbt_external_tables
    version: 0.11.1
  - name: dbt_date
    package: godatadriven/dbt_date
    version: 0.16.1
sha1_hash: d9a0a4abc82c4003f6e5cc5a7c5f47ae0bcb28cc
